// !$*UTF8*$!
{
	archiveVersion = 1;
	classes = {
	};
	objectVersion = 46;
	objects = {

/* Begin PBXBuildFile section */
		47F089E31DE1853F00171D0D /* AppDelegate.swift in Sources */ = {isa = PBXBuildFile; fileRef = 47F089E21DE1853F00171D0D /* AppDelegate.swift */; };
		47F089E51DE1853F00171D0D /* ViewController.swift in Sources */ = {isa = PBXBuildFile; fileRef = 47F089E41DE1853F00171D0D /* ViewController.swift */; };
		47F089E71DE1853F00171D0D /* Assets.xcassets in Resources */ = {isa = PBXBuildFile; fileRef = 47F089E61DE1853F00171D0D /* Assets.xcassets */; };
		47F089EA1DE1853F00171D0D /* Main.storyboard in Resources */ = {isa = PBXBuildFile; fileRef = 47F089E81DE1853F00171D0D /* Main.storyboard */; };
		47F089F21DE18AAD00171D0D /* SettingsVC.swift in Sources */ = {isa = PBXBuildFile; fileRef = 47F089F11DE18AAD00171D0D /* SettingsVC.swift */; };
		47F089F41DE18E6800171D0D /* DownloadInstallVC.swift in Sources */ = {isa = PBXBuildFile; fileRef = 47F089F31DE18E6800171D0D /* DownloadInstallVC.swift */; };
		47F089F81DE1C75700171D0D /* gimp.sh in Resources */ = {isa = PBXBuildFile; fileRef = 47F089F71DE1C75700171D0D /* gimp.sh */; };
		47F089FA1DE1C76A00171D0D /* teamviewer.sh in Resources */ = {isa = PBXBuildFile; fileRef = 47F089F91DE1C76A00171D0D /* teamviewer.sh */; };
		47F089FE1DE1C83100171D0D /* AppsInstall.sh in Resources */ = {isa = PBXBuildFile; fileRef = 47F089FB1DE1C83100171D0D /* AppsInstall.sh */; };
		47F089FF1DE1C83100171D0D /* downloadApps.sh in Resources */ = {isa = PBXBuildFile; fileRef = 47F089FC1DE1C83100171D0D /* downloadApps.sh */; };
		47F08A001DE1C83100171D0D /* Install.sh in Resources */ = {isa = PBXBuildFile; fileRef = 47F089FD1DE1C83100171D0D /* Install.sh */; };
/* End PBXBuildFile section */

/* Begin PBXFileReference section */
		47F089DF1DE1853F00171D0D /* Multi App Installer.app */ = {isa = PBXFileReference; explicitFileType = wrapper.application; includeInIndex = 0; path = "Multi App Installer.app"; sourceTree = BUILT_PRODUCTS_DIR; };
		47F089E21DE1853F00171D0D /* AppDelegate.swift */ = {isa = PBXFileReference; lastKnownFileType = sourcecode.swift; path = AppDelegate.swift; sourceTree = "<group>"; };
		47F089E41DE1853F00171D0D /* ViewController.swift */ = {isa = PBXFileReference; lastKnownFileType = sourcecode.swift; path = ViewController.swift; sourceTree = "<group>"; };
		47F089E61DE1853F00171D0D /* Assets.xcassets */ = {isa = PBXFileReference; lastKnownFileType = folder.assetcatalog; path = Assets.xcassets; sourceTree = "<group>"; };
		47F089E91DE1853F00171D0D /* Base */ = {isa = PBXFileReference; lastKnownFileType = file.storyboard; name = Base; path = Base.lproj/Main.storyboard; sourceTree = "<group>"; };
		47F089EB1DE1853F00171D0D /* Info.plist */ = {isa = PBXFileReference; lastKnownFileType = text.plist.xml; path = Info.plist; sourceTree = "<group>"; };
		47F089F11DE18AAD00171D0D /* SettingsVC.swift */ = {isa = PBXFileReference; fileEncoding = 4; lastKnownFileType = sourcecode.swift; path = SettingsVC.swift; sourceTree = "<group>"; };
		47F089F31DE18E6800171D0D /* DownloadInstallVC.swift */ = {isa = PBXFileReference; fileEncoding = 4; lastKnownFileType = sourcecode.swift; path = DownloadInstallVC.swift; sourceTree = "<group>"; };
		47F089F71DE1C75700171D0D /* gimp.sh */ = {isa = PBXFileReference; fileEncoding = 4; lastKnownFileType = text.script.sh; path = gimp.sh; sourceTree = "<group>"; };
		47F089F91DE1C76A00171D0D /* teamviewer.sh */ = {isa = PBXFileReference; fileEncoding = 4; lastKnownFileType = text.script.sh; path = teamviewer.sh; sourceTree = "<group>"; };
		47F089FB1DE1C83100171D0D /* AppsInstall.sh */ = {isa = PBXFileReference; fileEncoding = 4; lastKnownFileType = text.script.sh; path = AppsInstall.sh; sourceTree = "<group>"; };
		47F089FC1DE1C83100171D0D /* downloadApps.sh */ = {isa = PBXFileReference; fileEncoding = 4; lastKnownFileType = text.script.sh; path = downloadApps.sh; sourceTree = "<group>"; };
		47F089FD1DE1C83100171D0D /* Install.sh */ = {isa = PBXFileReference; fileEncoding = 4; lastKnownFileType = text.script.sh; path = Install.sh; sourceTree = "<group>"; };
/* End PBXFileReference section */

/* Begin PBXFrameworksBuildPhase section */
		47F089DC1DE1853F00171D0D /* Frameworks */ = {
			isa = PBXFrameworksBuildPhase;
			buildActionMask = 2147483647;
			files = (
			);
			runOnlyForDeploymentPostprocessing = 0;
		};
/* End PBXFrameworksBuildPhase section */

/* Begin PBXGroup section */
		47F089D61DE1853F00171D0D = {
			isa = PBXGroup;
			children = (
				47F089E11DE1853F00171D0D /* Multi App Installer */,
				47F089E01DE1853F00171D0D /* Products */,
			);
			sourceTree = "<group>";
		};
		47F089E01DE1853F00171D0D /* Products */ = {
			isa = PBXGroup;
			children = (
				47F089DF1DE1853F00171D0D /* Multi App Installer.app */,
			);
			name = Products;
			sourceTree = "<group>";
		};
		47F089E11DE1853F00171D0D /* Multi App Installer */ = {
			isa = PBXGroup;
			children = (
				47F089F11DE18AAD00171D0D /* SettingsVC.swift */,
				47F089F31DE18E6800171D0D /* DownloadInstallVC.swift */,
				47F089F61DE1C73E00171D0D /* Misc Scripts */,
				47F089F51DE1C73400171D0D /* Application Scripts */,
				47F089E21DE1853F00171D0D /* AppDelegate.swift */,
				47F089E41DE1853F00171D0D /* ViewController.swift */,
				47F089E61DE1853F00171D0D /* Assets.xcassets */,
				47F089E81DE1853F00171D0D /* Main.storyboard */,
				47F089EB1DE1853F00171D0D /* Info.plist */,
			);
			path = "Multi App Installer";
			sourceTree = "<group>";
		};
		47F089F51DE1C73400171D0D /* Application Scripts */ = {
			isa = PBXGroup;
			children = (
				47F089F71DE1C75700171D0D /* gimp.sh */,
				47F089F91DE1C76A00171D0D /* teamviewer.sh */,
			);
			name = "Application Scripts";
			sourceTree = "<group>";
		};
		47F089F61DE1C73E00171D0D /* Misc Scripts */ = {
			isa = PBXGroup;
			children = (
				47F089FB1DE1C83100171D0D /* AppsInstall.sh */,
				47F089FC1DE1C83100171D0D /* downloadApps.sh */,
				47F089FD1DE1C83100171D0D /* Install.sh */,
			);
			name = "Misc Scripts";
			sourceTree = "<group>";
		};
/* End PBXGroup section */

/* Begin PBXNativeTarget section */
		47F089DE1DE1853F00171D0D /* Multi App Installer */ = {
			isa = PBXNativeTarget;
			buildConfigurationList = 47F089EE1DE1853F00171D0D /* Build configuration list for PBXNativeTarget "Multi App Installer" */;
			buildPhases = (
				47F089DB1DE1853F00171D0D /* Sources */,
				47F089DC1DE1853F00171D0D /* Frameworks */,
				47F089DD1DE1853F00171D0D /* Resources */,
			);
			buildRules = (
			);
			dependencies = (
			);
			name = "Multi App Installer";
			productName = "Multi App Installer";
			productReference = 47F089DF1DE1853F00171D0D /* Multi App Installer.app */;
			productType = "com.apple.product-type.application";
		};
/* End PBXNativeTarget section */

/* Begin PBXProject section */
		47F089D71DE1853F00171D0D /* Project object */ = {
			isa = PBXProject;
			attributes = {
				LastSwiftUpdateCheck = 0810;
				LastUpgradeCheck = 0810;
				ORGANIZATIONNAME = "Mark Briggs";
				TargetAttributes = {
					47F089DE1DE1853F00171D0D = {
						CreatedOnToolsVersion = 8.1;
						DevelopmentTeam = FQ6JHNT6KD;
						ProvisioningStyle = Automatic;
					};
				};
			};
			buildConfigurationList = 47F089DA1DE1853F00171D0D /* Build configuration list for PBXProject "Multi App Installer" */;
			compatibilityVersion = "Xcode 3.2";
			developmentRegion = English;
			hasScannedForEncodings = 0;
			knownRegions = (
				en,
				Base,
			);
			mainGroup = 47F089D61DE1853F00171D0D;
			productRefGroup = 47F089E01DE1853F00171D0D /* Products */;
			projectDirPath = "";
			projectRoot = "";
			targets = (
				47F089DE1DE1853F00171D0D /* Multi App Installer */,
			);
		};
/* End PBXProject section */

/* Begin PBXResourcesBuildPhase section */
		47F089DD1DE1853F00171D0D /* Resources */ = {
			isa = PBXResourcesBuildPhase;
			buildActionMask = 2147483647;
			files = (
				47F089FF1DE1C83100171D0D /* downloadApps.sh in Resources */,
				47F089F81DE1C75700171D0D /* gimp.sh in Resources */,
				47F089FE1DE1C83100171D0D /* AppsInstall.sh in Resources */,
				47F08A001DE1C83100171D0D /* Install.sh in Resources */,
				47F089E71DE1853F00171D0D /* Assets.xcassets in Resources */,
				47F089EA1DE1853F00171D0D /* Main.storyboard in Resources */,
				47F089FA1DE1C76A00171D0D /* teamviewer.sh in Resources */,
			);
			runOnlyForDeploymentPostprocessing = 0;
		};
/* End PBXResourcesBuildPhase section */

/* Begin PBXSourcesBuildPhase section */
		47F089DB1DE1853F00171D0D /* Sources */ = {
			isa = PBXSourcesBuildPhase;
			buildActionMask = 2147483647;
			files = (
				47F089E51DE1853F00171D0D /* ViewController.swift in Sources */,
				47F089E31DE1853F00171D0D /* AppDelegate.swift in Sources */,
				47F089F41DE18E6800171D0D /* DownloadInstallVC.swift in Sources */,
				47F089F21DE18AAD00171D0D /* SettingsVC.swift in Sources */,
			);
			runOnlyForDeploymentPostprocessing = 0;
		};
/* End PBXSourcesBuildPhase section */

/* Begin PBXVariantGroup section */
		47F089E81DE1853F00171D0D /* Main.storyboard */ = {
			isa = PBXVariantGroup;
			children = (
				47F089E91DE1853F00171D0D /* Base */,
			);
			name = Main.storyboard;
			sourceTree = "<group>";
		};
/* End PBXVariantGroup section */

/* Begin XCBuildConfiguration section */
		47F089EC1DE1853F00171D0D /* Debug */ = {
			isa = XCBuildConfiguration;
			buildSettings = {
				ALWAYS_SEARCH_USER_PATHS = NO;
				CLANG_ANALYZER_NONNULL = YES;
				CLANG_CXX_LANGUAGE_STANDARD = "gnu++0x";
				CLANG_CXX_LIBRARY = "libc++";
				CLANG_ENABLE_MODULES = YES;
				CLANG_ENABLE_OBJC_ARC = YES;
				CLANG_WARN_BOOL_CONVERSION = YES;
				CLANG_WARN_CONSTANT_CONVERSION = YES;
				CLANG_WARN_DIRECT_OBJC_ISA_USAGE = YES_ERROR;
				CLANG_WARN_DOCUMENTATION_COMMENTS = YES;
				CLANG_WARN_EMPTY_BODY = YES;
				CLANG_WARN_ENUM_CONVERSION = YES;
				CLANG_WARN_INFINITE_RECURSION = YES;
				CLANG_WARN_INT_CONVERSION = YES;
				CLANG_WARN_OBJC_ROOT_CLASS = YES_ERROR;
				CLANG_WARN_SUSPICIOUS_MOVES = YES;
				CLANG_WARN_UNREACHABLE_CODE = YES;
				CLANG_WARN__DUPLICATE_METHOD_MATCH = YES;
				CODE_SIGN_IDENTITY = "-";
				COPY_PHASE_STRIP = NO;
				DEBUG_INFORMATION_FORMAT = dwarf;
				ENABLE_STRICT_OBJC_MSGSEND = YES;
				ENABLE_TESTABILITY = YES;
				GCC_C_LANGUAGE_STANDARD = gnu99;
				GCC_DYNAMIC_NO_PIC = NO;
				GCC_NO_COMMON_BLOCKS = YES;
				GCC_OPTIMIZATION_LEVEL = 0;
				GCC_PREPROCESSOR_DEFINITIONS = (
					"DEBUG=1",
					"$(inherited)",
				);
				GCC_WARN_64_TO_32_BIT_CONVERSION = YES;
				GCC_WARN_ABOUT_RETURN_TYPE = YES_ERROR;
				GCC_WARN_UNDECLARED_SELECTOR = YES;
				GCC_WARN_UNINITIALIZED_AUTOS = YES_AGGRESSIVE;
				GCC_WARN_UNUSED_FUNCTION = YES;
				GCC_WARN_UNUSED_VARIABLE = YES;
				MACOSX_DEPLOYMENT_TARGET = 10.12;
				MTL_ENABLE_DEBUG_INFO = YES;
				ONLY_ACTIVE_ARCH = YES;
				SDKROOT = macosx;
				SWIFT_ACTIVE_COMPILATION_CONDITIONS = DEBUG;
				SWIFT_OPTIMIZATION_LEVEL = "-Onone";
			};
			name = Debug;
		};
		47F089ED1DE1853F00171D0D /* Release */ = {
			isa = XCBuildConfiguration;
			buildSettings = {
				ALWAYS_SEARCH_USER_PATHS = NO;
				CLANG_ANALYZER_NONNULL = YES;
				CLANG_CXX_LANGUAGE_STANDARD = "gnu++0x";
				CLANG_CXX_LIBRARY = "libc++";
				CLANG_ENABLE_MODULES = YES;
				CLANG_ENABLE_OBJC_ARC = YES;
				CLANG_WARN_BOOL_CONVERSION = YES;
				CLANG_WARN_CONSTANT_CONVERSION = YES;
				CLANG_WARN_DIRECT_OBJC_ISA_USAGE = YES_ERROR;
				CLANG_WARN_DOCUMENTATION_COMMENTS = YES;
				CLANG_WARN_EMPTY_BODY = YES;
				CLANG_WARN_ENUM_CONVERSION = YES;
				CLANG_WARN_INFINITE_RECURSION = YES;
				CLANG_WARN_INT_CONVERSION = YES;
				CLANG_WARN_OBJC_ROOT_CLASS = YES_ERROR;
				CLANG_WARN_SUSPICIOUS_MOVES = YES;
				CLANG_WARN_UNREACHABLE_CODE = YES;
				CLANG_WARN__DUPLICATE_METHOD_MATCH = YES;
				CODE_SIGN_IDENTITY = "-";
				COPY_PHASE_STRIP = NO;
				DEBUG_INFORMATION_FORMAT = "dwarf-with-dsym";
				ENABLE_NS_ASSERTIONS = NO;
				ENABLE_STRICT_OBJC_MSGSEND = YES;
				GCC_C_LANGUAGE_STANDARD = gnu99;
				GCC_NO_COMMON_BLOCKS = YES;
				GCC_WARN_64_TO_32_BIT_CONVERSION = YES;
				GCC_WARN_ABOUT_RETURN_TYPE = YES_ERROR;
				GCC_WARN_UNDECLARED_SELECTOR = YES;
				GCC_WARN_UNINITIALIZED_AUTOS = YES_AGGRESSIVE;
				GCC_WARN_UNUSED_FUNCTION = YES;
				GCC_WARN_UNUSED_VARIABLE = YES;
				MACOSX_DEPLOYMENT_TARGET = 10.12;
				MTL_ENABLE_DEBUG_INFO = NO;
				SDKROOT = macosx;
				SWIFT_OPTIMIZATION_LEVEL = "-Owholemodule";
			};
			name = Release;
		};
		47F089EF1DE1853F00171D0D /* Debug */ = {
			isa = XCBuildConfiguration;
			buildSettings = {
				ASSETCATALOG_COMPILER_APPICON_NAME = AppIcon;
				COMBINE_HIDPI_IMAGES = YES;
				DEVELOPMENT_TEAM = FQ6JHNT6KD;
				INFOPLIST_FILE = "Multi App Installer/Info.plist";
				LD_RUNPATH_SEARCH_PATHS = "$(inherited) @executable_path/../Frameworks";
				PRODUCT_BUNDLE_IDENTIFIER = "briggs-inc.Multi-App-Installer";
				PRODUCT_NAME = "$(TARGET_NAME)";
				SWIFT_VERSION = 3.0;
			};
			name = Debug;
		};
		47F089F01DE1853F00171D0D /* Release */ = {
			isa = XCBuildConfiguration;
			buildSettings = {
				ASSETCATALOG_COMPILER_APPICON_NAME = AppIcon;
				COMBINE_HIDPI_IMAGES = YES;
				DEVELOPMENT_TEAM = FQ6JHNT6KD;
				INFOPLIST_FILE = "Multi App Installer/Info.plist";
				LD_RUNPATH_SEARCH_PATHS = "$(inherited) @executable_path/../Frameworks";
				PRODUCT_BUNDLE_IDENTIFIER = "briggs-inc.Multi-App-Installer";
				PRODUCT_NAME = "$(TARGET_NAME)";
				SWIFT_VERSION = 3.0;
			};
			name = Release;
		};
/* End XCBuildConfiguration section */

/* Begin XCConfigurationList section */
		47F089DA1DE1853F00171D0D /* Build configuration list for PBXProject "Multi App Installer" */ = {
			isa = XCConfigurationList;
			buildConfigurations = (
				47F089EC1DE1853F00171D0D /* Debug */,
				47F089ED1DE1853F00171D0D /* Release */,
			);
			defaultConfigurationIsVisible = 0;
			defaultConfigurationName = Release;
		};
		47F089EE1DE1853F00171D0D /* Build configuration list for PBXNativeTarget "Multi App Installer" */ = {
			isa = XCConfigurationList;
			buildConfigurations = (
				47F089EF1DE1853F00171D0D /* Debug */,
				47F089F01DE1853F00171D0D /* Release */,
			);
			defaultConfigurationIsVisible = 0;
			defaultConfigurationName = Release;
		};
/* End XCConfigurationList section */
	};
	rootObject = 47F089D71DE1853F00171D0D /* Project object */;
}
